
Microsoft Visual Studio Solution File, Format Version 12.00
# Visual Studio Version 17
VisualStudioVersion = 17.3.32804.467
MinimumVisualStudioVersion = 10.0.40219.1
Project("{FAE04EC0-301F-11D3-BF4B-00C04F79EFBC}") = "Neptune.Gen", "Neptune.Gen.csproj", "{3043BBAB-70EC-4E19-BF90-4E68675BA162}"
EndProject
Global
	GlobalSection(SolutionConfigurationPlatforms) = preSolution
		Debug|Any CPU = Debug|Any CPU
		Release|Any CPU = Release|Any CPU
	EndGlobalSection
	GlobalSection(ProjectConfigurationPlatforms) = postSolution
		{3043BBAB-70EC-4E19-BF90-4E68675BA162}.Debug|Any CPU.ActiveCfg = Debug|Any CPU
		{3043BBAB-70EC-4E19-BF90-4E68675BA162}.Debug|Any CPU.Build.0 = Debug|Any CPU
		{3043BBAB-70EC-4E19-BF90-4E68675BA162}.Release|Any CPU.ActiveCfg = Release|Any CPU
		{3043BBAB-70EC-4E19-BF90-4E68675BA162}.Release|Any CPU.Build.0 = Release|Any CPU
	EndGlobalSection
	GlobalSection(SolutionProperties) = preSolution
		HideSolutionNode = FALSE
	EndGlobalSection
	GlobalSection(ExtensibilityGlobals) = postSolution
		SolutionGuid = {8E9A7E11-F2B5-4319-AADB-DA5A9C378D33}
	EndGlobalSection
EndGlobal
