
Microsoft Visual Studio Solution File, Format Version 12.00
# Visual Studio Version 17
VisualStudioVersion = 17.3.32804.467
MinimumVisualStudioVersion = 10.0.40219.1
Project("{FAE04EC0-301F-11D3-BF4B-00C04F79EFBC}") = "Neptune.Gen", "Neptune.Gen.csproj", "{EDD4BD7D-97C8-4834-9278-5B937A806233}"
EndProject
Global
	GlobalSection(SolutionConfigurationPlatforms) = preSolution
		Debug|Any CPU = Debug|Any CPU
		Release|Any CPU = Release|Any CPU
	EndGlobalSection
	GlobalSection(ProjectConfigurationPlatforms) = postSolution
		{EDD4BD7D-97C8-4834-9278-5B937A806233}.Debug|Any CPU.ActiveCfg = Debug|Any CPU
		{EDD4BD7D-97C8-4834-9278-5B937A806233}.Debug|Any CPU.Build.0 = Debug|Any CPU
		{EDD4BD7D-97C8-4834-9278-5B937A806233}.Release|Any CPU.ActiveCfg = Release|Any CPU
		{EDD4BD7D-97C8-4834-9278-5B937A806233}.Release|Any CPU.Build.0 = Release|Any CPU
	EndGlobalSection
	GlobalSection(SolutionProperties) = preSolution
		HideSolutionNode = FALSE
	EndGlobalSection
	GlobalSection(ExtensibilityGlobals) = postSolution
		SolutionGuid = {34741DD1-6B5D-4B46-8A07-126FD35FE232}
	EndGlobalSection
EndGlobal
